{
  "name": "module_hot_update",
  "version": "1.0.0",
  "lockfileVersion": 1,
  "requires": true,
  "dependencies": {
    "heapdump": {
      "version": "0.3.12",
      "resolved": "https://registry.npmjs.org/heapdump/-/heapdump-0.3.12.tgz",
      "integrity": "sha512-OSVdkxGd9xAJNEP0RA/ZvKEzGTEjCnkvmMEGF1ScR/87tH92v5Dpv6g/Fs8GvZA9UxdMpxU1G9NEC2D0OxZjJQ==",
      "requires": {
        "nan": "^2.11.1"
      }
    },
    "nan": {
      "version": "2.13.1",
      "resolved": "https://registry.npmjs.org/nan/-/nan-2.13.1.tgz",
      "integrity": "sha512-I6YB/YEuDeUZMmhscXKxGgZlFnhsn5y0hgOZBadkzfTRrZBtJDZeg6eQf7PYMIEclwmorTKK8GztsyOUSVBREA=="
    }
  }
}
